// !$*UTF8*$!
{
	archiveVersion = 1;
	classes = {
	};
	objectVersion = 55;
	objects = {

/* Begin PBXBuildFile section */
		821100AF2BBEE2BF00108EC4 /* PruebaStacksApp.swift in Sources */ = {isa = PBXBuildFile; fileRef = 821100AE2BBEE2BF00108EC4 /* PruebaStacksApp.swift */; };
		821100B12BBEE2BF00108EC4 /* ContentView.swift in Sources */ = {isa = PBXBuildFile; fileRef = 821100B02BBEE2BF00108EC4 /* ContentView.swift */; };
		821100B32BBEE2C100108EC4 /* Assets.xcassets in Resources */ = {isa = PBXBuildFile; fileRef = 821100B22BBEE2C100108EC4 /* Assets.xcassets */; };
		821100B62BBEE2C100108EC4 /* Preview Assets.xcassets in Resources */ = {isa = PBXBuildFile; fileRef = 821100B52BBEE2C100108EC4 /* Preview Assets.xcassets */; };
		821100C02BBEE2C200108EC4 /* PruebaStacksTests.swift in Sources */ = {isa = PBXBuildFile; fileRef = 821100BF2BBEE2C200108EC4 /* PruebaStacksTests.swift */; };
		821100CA2BBEE2C200108EC4 /* PruebaStacksUITests.swift in Sources */ = {isa = PBXBuildFile; fileRef = 821100C92BBEE2C200108EC4 /* PruebaStacksUITests.swift */; };
		821100CC2BBEE2C200108EC4 /* PruebaStacksUITestsLaunchTests.swift in Sources */ = {isa = PBXBuildFile; fileRef = 821100CB2BBEE2C200108EC4 /* PruebaStacksUITestsLaunchTests.swift */; };
/* End PBXBuildFile section */

/* Begin PBXContainerItemProxy section */
		821100BC2BBEE2C200108EC4 /* PBXContainerItemProxy */ = {
			isa = PBXContainerItemProxy;
			containerPortal = 821100A32BBEE2BF00108EC4 /* Project object */;
			proxyType = 1;
			remoteGlobalIDString = 821100AA2BBEE2BF00108EC4;
			remoteInfo = PruebaStacks;
		};
		821100C62BBEE2C200108EC4 /* PBXContainerItemProxy */ = {
			isa = PBXContainerItemProxy;
			containerPortal = 821100A32BBEE2BF00108EC4 /* Project object */;
			proxyType = 1;
			remoteGlobalIDString = 821100AA2BBEE2BF00108EC4;
			remoteInfo = PruebaStacks;
		};
/* End PBXContainerItemProxy section */

/* Begin PBXFileReference section */
		821100AB2BBEE2BF00108EC4 /* PruebaStacks.app */ = {isa = PBXFileReference; explicitFileType = wrapper.application; includeInIndex = 0; path = PruebaStacks.app; sourceTree = BUILT_PRODUCTS_DIR; };
		821100AE2BBEE2BF00108EC4 /* PruebaStacksApp.swift */ = {isa = PBXFileReference; lastKnownFileType = sourcecode.swift; path = PruebaStacksApp.swift; sourceTree = "<group>"; };
		821100B02BBEE2BF00108EC4 /* ContentView.swift */ = {isa = PBXFileReference; lastKnownFileType = sourcecode.swift; path = ContentView.swift; sourceTree = "<group>"; };
		821100B22BBEE2C100108EC4 /* Assets.xcassets */ = {isa = PBXFileReference; lastKnownFileType = folder.assetcatalog; path = Assets.xcassets; sourceTree = "<group>"; };
		821100B52BBEE2C100108EC4 /* Preview Assets.xcassets */ = {isa = PBXFileReference; lastKnownFileType = folder.assetcatalog; path = "Preview Assets.xcassets"; sourceTree = "<group>"; };
		821100BB2BBEE2C200108EC4 /* PruebaStacksTests.xctest */ = {isa = PBXFileReference; explicitFileType = wrapper.cfbundle; includeInIndex = 0; path = PruebaStacksTests.xctest; sourceTree = BUILT_PRODUCTS_DIR; };
		821100BF2BBEE2C200108EC4 /* PruebaStacksTests.swift */ = {isa = PBXFileReference; lastKnownFileType = sourcecode.swift; path = PruebaStacksTests.swift; sourceTree = "<group>"; };
		821100C52BBEE2C200108EC4 /* PruebaStacksUITests.xctest */ = {isa = PBXFileReference; explicitFileType = wrapper.cfbundle; includeInIndex = 0; path = PruebaStacksUITests.xctest; sourceTree = BUILT_PRODUCTS_DIR; };
		821100C92BBEE2C200108EC4 /* PruebaStacksUITests.swift */ = {isa = PBXFileReference; lastKnownFileType = sourcecode.swift; path = PruebaStacksUITests.swift; sourceTree = "<group>"; };
		821100CB2BBEE2C200108EC4 /* PruebaStacksUITestsLaunchTests.swift */ = {isa = PBXFileReference; lastKnownFileType = sourcecode.swift; path = PruebaStacksUITestsLaunchTests.swift; sourceTree = "<group>"; };
/* End PBXFileReference section */

/* Begin PBXFrameworksBuildPhase section */
		821100A82BBEE2BF00108EC4 /* Frameworks */ = {
			isa = PBXFrameworksBuildPhase;
			buildActionMask = 2147483647;
			files = (
			);
			runOnlyForDeploymentPostprocessing = 0;
		};
		821100B82BBEE2C200108EC4 /* Frameworks */ = {
			isa = PBXFrameworksBuildPhase;
			buildActionMask = 2147483647;
			files = (
			);
			runOnlyForDeploymentPostprocessing = 0;
		};
		821100C22BBEE2C200108EC4 /* Frameworks */ = {
			isa = PBXFrameworksBuildPhase;
			buildActionMask = 2147483647;
			files = (
			);
			runOnlyForDeploymentPostprocessing = 0;
		};
/* End PBXFrameworksBuildPhase section */

/* Begin PBXGroup section */
		821100A22BBEE2BF00108EC4 = {
			isa = PBXGroup;
			children = (
				821100AD2BBEE2BF00108EC4 /* PruebaStacks */,
				821100BE2BBEE2C200108EC4 /* PruebaStacksTests */,
				821100C82BBEE2C200108EC4 /* PruebaStacksUITests */,
				821100AC2BBEE2BF00108EC4 /* Products */,
			);
			sourceTree = "<group>";
		};
		821100AC2BBEE2BF00108EC4 /* Products */ = {
			isa = PBXGroup;
			children = (
				821100AB2BBEE2BF00108EC4 /* PruebaStacks.app */,
				821100BB2BBEE2C200108EC4 /* PruebaStacksTests.xctest */,
				821100C52BBEE2C200108EC4 /* PruebaStacksUITests.xctest */,
			);
			name = Products;
			sourceTree = "<group>";
		};
		821100AD2BBEE2BF00108EC4 /* PruebaStacks */ = {
			isa = PBXGroup;
			children = (
				821100AE2BBEE2BF00108EC4 /* PruebaStacksApp.swift */,
				821100B02BBEE2BF00108EC4 /* ContentView.swift */,
				821100B22BBEE2C100108EC4 /* Assets.xcassets */,
				821100B42BBEE2C100108EC4 /* Preview Content */,
			);
			path = PruebaStacks;
			sourceTree = "<group>";
		};
		821100B42BBEE2C100108EC4 /* Preview Content */ = {
			isa = PBXGroup;
			children = (
				821100B52BBEE2C100108EC4 /* Preview Assets.xcassets */,
			);
			path = "Preview Content";
			sourceTree = "<group>";
		};
		821100BE2BBEE2C200108EC4 /* PruebaStacksTests */ = {
			isa = PBXGroup;
			children = (
				821100BF2BBEE2C200108EC4 /* PruebaStacksTests.swift */,
			);
			path = PruebaStacksTests;
			sourceTree = "<group>";
		};
		821100C82BBEE2C200108EC4 /* PruebaStacksUITests */ = {
			isa = PBXGroup;
			children = (
				821100C92BBEE2C200108EC4 /* PruebaStacksUITests.swift */,
				821100CB2BBEE2C200108EC4 /* PruebaStacksUITestsLaunchTests.swift */,
			);
			path = PruebaStacksUITests;
			sourceTree = "<group>";
		};
/* End PBXGroup section */

/* Begin PBXNativeTarget section */
		821100AA2BBEE2BF00108EC4 /* PruebaStacks */ = {
			isa = PBXNativeTarget;
			buildConfigurationList = 821100CF2BBEE2C200108EC4 /* Build configuration list for PBXNativeTarget "PruebaStacks" */;
			buildPhases = (
				821100A72BBEE2BF00108EC4 /* Sources */,
				821100A82BBEE2BF00108EC4 /* Frameworks */,
				821100A92BBEE2BF00108EC4 /* Resources */,
			);
			buildRules = (
			);
			dependencies = (
			);
			name = PruebaStacks;
			productName = PruebaStacks;
			productReference = 821100AB2BBEE2BF00108EC4 /* PruebaStacks.app */;
			productType = "com.apple.product-type.application";
		};
		821100BA2BBEE2C200108EC4 /* PruebaStacksTests */ = {
			isa = PBXNativeTarget;
			buildConfigurationList = 821100D22BBEE2C200108EC4 /* Build configuration list for PBXNativeTarget "PruebaStacksTests" */;
			buildPhases = (
				821100B72BBEE2C200108EC4 /* Sources */,
				821100B82BBEE2C200108EC4 /* Frameworks */,
				821100B92BBEE2C200108EC4 /* Resources */,
			);
			buildRules = (
			);
			dependencies = (
				821100BD2BBEE2C200108EC4 /* PBXTargetDependency */,
			);
			name = PruebaStacksTests;
			productName = PruebaStacksTests;
			productReference = 821100BB2BBEE2C200108EC4 /* PruebaStacksTests.xctest */;
			productType = "com.apple.product-type.bundle.unit-test";
		};
		821100C42BBEE2C200108EC4 /* PruebaStacksUITests */ = {
			isa = PBXNativeTarget;
			buildConfigurationList = 821100D52BBEE2C200108EC4 /* Build configuration list for PBXNativeTarget "PruebaStacksUITests" */;
			buildPhases = (
				821100C12BBEE2C200108EC4 /* Sources */,
				821100C22BBEE2C200108EC4 /* Frameworks */,
				821100C32BBEE2C200108EC4 /* Resources */,
			);
			buildRules = (
			);
			dependencies = (
				821100C72BBEE2C200108EC4 /* PBXTargetDependency */,
			);
			name = PruebaStacksUITests;
			productName = PruebaStacksUITests;
			productReference = 821100C52BBEE2C200108EC4 /* PruebaStacksUITests.xctest */;
			productType = "com.apple.product-type.bundle.ui-testing";
		};
/* End PBXNativeTarget section */

/* Begin PBXProject section */
		821100A32BBEE2BF00108EC4 /* Project object */ = {
			isa = PBXProject;
			attributes = {
				BuildIndependentTargetsInParallel = 1;
				LastSwiftUpdateCheck = 1340;
				LastUpgradeCheck = 1340;
				TargetAttributes = {
					821100AA2BBEE2BF00108EC4 = {
						CreatedOnToolsVersion = 13.4;
					};
					821100BA2BBEE2C200108EC4 = {
						CreatedOnToolsVersion = 13.4;
						TestTargetID = 821100AA2BBEE2BF00108EC4;
					};
					821100C42BBEE2C200108EC4 = {
						CreatedOnToolsVersion = 13.4;
						TestTargetID = 821100AA2BBEE2BF00108EC4;
					};
				};
			};
			buildConfigurationList = 821100A62BBEE2BF00108EC4 /* Build configuration list for PBXProject "PruebaStacks" */;
			compatibilityVersion = "Xcode 13.0";
			developmentRegion = en;
			hasScannedForEncodings = 0;
			knownRegions = (
				en,
				Base,
			);
			mainGroup = 821100A22BBEE2BF00108EC4;
			productRefGroup = 821100AC2BBEE2BF00108EC4 /* Products */;
			projectDirPath = "";
			projectRoot = "";
			targets = (
				821100AA2BBEE2BF00108EC4 /* PruebaStacks */,
				821100BA2BBEE2C200108EC4 /* PruebaStacksTests */,
				821100C42BBEE2C200108EC4 /* PruebaStacksUITests */,
			);
		};
/* End PBXProject section */

/* Begin PBXResourcesBuildPhase section */
		821100A92BBEE2BF00108EC4 /* Resources */ = {
			isa = PBXResourcesBuildPhase;
			buildActionMask = 2147483647;
			files = (
				821100B62BBEE2C100108EC4 /* Preview Assets.xcassets in Resources */,
				821100B32BBEE2C100108EC4 /* Assets.xcassets in Resources */,
			);
			runOnlyForDeploymentPostprocessing = 0;
		};
		821100B92BBEE2C200108EC4 /* Resources */ = {
			isa = PBXResourcesBuildPhase;
			buildActionMask = 2147483647;
			files = (
			);
			runOnlyForDeploymentPostprocessing = 0;
		};
		821100C32BBEE2C200108EC4 /* Resources */ = {
			isa = PBXResourcesBuildPhase;
			buildActionMask = 2147483647;
			files = (
			);
			runOnlyForDeploymentPostprocessing = 0;
		};
/* End PBXResourcesBuildPhase section */

/* Begin PBXSourcesBuildPhase section */
		821100A72BBEE2BF00108EC4 /* Sources */ = {
			isa = PBXSourcesBuildPhase;
			buildActionMask = 2147483647;
			files = (
				821100B12BBEE2BF00108EC4 /* ContentView.swift in Sources */,
				821100AF2BBEE2BF00108EC4 /* PruebaStacksApp.swift in Sources */,
			);
			runOnlyForDeploymentPostprocessing = 0;
		};
		821100B72BBEE2C200108EC4 /* Sources */ = {
			isa = PBXSourcesBuildPhase;
			buildActionMask = 2147483647;
			files = (
				821100C02BBEE2C200108EC4 /* PruebaStacksTests.swift in Sources */,
			);
			runOnlyForDeploymentPostprocessing = 0;
		};
		821100C12BBEE2C200108EC4 /* Sources */ = {
			isa = PBXSourcesBuildPhase;
			buildActionMask = 2147483647;
			files = (
				821100CC2BBEE2C200108EC4 /* PruebaStacksUITestsLaunchTests.swift in Sources */,
				821100CA2BBEE2C200108EC4 /* PruebaStacksUITests.swift in Sources */,
			);
			runOnlyForDeploymentPostprocessing = 0;
		};
/* End PBXSourcesBuildPhase section */

/* Begin PBXTargetDependency section */
		821100BD2BBEE2C200108EC4 /* PBXTargetDependency */ = {
			isa = PBXTargetDependency;
			target = 821100AA2BBEE2BF00108EC4 /* PruebaStacks */;
			targetProxy = 821100BC2BBEE2C200108EC4 /* PBXContainerItemProxy */;
		};
		821100C72BBEE2C200108EC4 /* PBXTargetDependency */ = {
			isa = PBXTargetDependency;
			target = 821100AA2BBEE2BF00108EC4 /* PruebaStacks */;
			targetProxy = 821100C62BBEE2C200108EC4 /* PBXContainerItemProxy */;
		};
/* End PBXTargetDependency section */

/* Begin XCBuildConfiguration section */
		821100CD2BBEE2C200108EC4 /* Debug */ = {
			isa = XCBuildConfiguration;
			buildSettings = {
				ALWAYS_SEARCH_USER_PATHS = NO;
				CLANG_ANALYZER_NONNULL = YES;
				CLANG_ANALYZER_NUMBER_OBJECT_CONVERSION = YES_AGGRESSIVE;
				CLANG_CXX_LANGUAGE_STANDARD = "gnu++17";
				CLANG_ENABLE_MODULES = YES;
				CLANG_ENABLE_OBJC_ARC = YES;
				CLANG_ENABLE_OBJC_WEAK = YES;
				CLANG_WARN_BLOCK_CAPTURE_AUTORELEASING = YES;
				CLANG_WARN_BOOL_CONVERSION = YES;
				CLANG_WARN_COMMA = YES;
				CLANG_WARN_CONSTANT_CONVERSION = YES;
				CLANG_WARN_DEPRECATED_OBJC_IMPLEMENTATIONS = YES;
				CLANG_WARN_DIRECT_OBJC_ISA_USAGE = YES_ERROR;
				CLANG_WARN_DOCUMENTATION_COMMENTS = YES;
				CLANG_WARN_EMPTY_BODY = YES;
				CLANG_WARN_ENUM_CONVERSION = YES;
				CLANG_WARN_INFINITE_RECURSION = YES;
				CLANG_WARN_INT_CONVERSION = YES;
				CLANG_WARN_NON_LITERAL_NULL_CONVERSION = YES;
				CLANG_WARN_OBJC_IMPLICIT_RETAIN_SELF = YES;
				CLANG_WARN_OBJC_LITERAL_CONVERSION = YES;
				CLANG_WARN_OBJC_ROOT_CLASS = YES_ERROR;
				CLANG_WARN_QUOTED_INCLUDE_IN_FRAMEWORK_HEADER = YES;
				CLANG_WARN_RANGE_LOOP_ANALYSIS = YES;
				CLANG_WARN_STRICT_PROTOTYPES = YES;
				CLANG_WARN_SUSPICIOUS_MOVE = YES;
				CLANG_WARN_UNGUARDED_AVAILABILITY = YES_AGGRESSIVE;
				CLANG_WARN_UNREACHABLE_CODE = YES;
				CLANG_WARN__DUPLICATE_METHOD_MATCH = YES;
				COPY_PHASE_STRIP = NO;
				DEBUG_INFORMATION_FORMAT = dwarf;
				ENABLE_STRICT_OBJC_MSGSEND = YES;
				ENABLE_TESTABILITY = YES;
				GCC_C_LANGUAGE_STANDARD = gnu11;
				GCC_DYNAMIC_NO_PIC = NO;
				GCC_NO_COMMON_BLOCKS = YES;
				GCC_OPTIMIZATION_LEVEL = 0;
				GCC_PREPROCESSOR_DEFINITIONS = (
					"DEBUG=1",
					"$(inherited)",
				);
				GCC_WARN_64_TO_32_BIT_CONVERSION = YES;
				GCC_WARN_ABOUT_RETURN_TYPE = YES_ERROR;
				GCC_WARN_UNDECLARED_SELECTOR = YES;
				GCC_WARN_UNINITIALIZED_AUTOS = YES_AGGRESSIVE;
				GCC_WARN_UNUSED_FUNCTION = YES;
				GCC_WARN_UNUSED_VARIABLE = YES;
				IPHONEOS_DEPLOYMENT_TARGET = 15.5;
				MTL_ENABLE_DEBUG_INFO = INCLUDE_SOURCE;
				MTL_FAST_MATH = YES;
				ONLY_ACTIVE_ARCH = YES;
				SDKROOT = iphoneos;
				SWIFT_ACTIVE_COMPILATION_CONDITIONS = DEBUG;
				SWIFT_OPTIMIZATION_LEVEL = "-Onone";
			};
			name = Debug;
		};
		821100CE2BBEE2C200108EC4 /* Release */ = {
			isa = XCBuildConfiguration;
			buildSettings = {
				ALWAYS_SEARCH_USER_PATHS = NO;
				CLANG_ANALYZER_NONNULL = YES;
				CLANG_ANALYZER_NUMBER_OBJECT_CONVERSION = YES_AGGRESSIVE;
				CLANG_CXX_LANGUAGE_STANDARD = "gnu++17";
				CLANG_ENABLE_MODULES = YES;
				CLANG_ENABLE_OBJC_ARC = YES;
				CLANG_ENABLE_OBJC_WEAK = YES;
				CLANG_WARN_BLOCK_CAPTURE_AUTORELEASING = YES;
				CLANG_WARN_BOOL_CONVERSION = YES;
				CLANG_WARN_COMMA = YES;
				CLANG_WARN_CONSTANT_CONVERSION = YES;
				CLANG_WARN_DEPRECATED_OBJC_IMPLEMENTATIONS = YES;
				CLANG_WARN_DIRECT_OBJC_ISA_USAGE = YES_ERROR;
				CLANG_WARN_DOCUMENTATION_COMMENTS = YES;
				CLANG_WARN_EMPTY_BODY = YES;
				CLANG_WARN_ENUM_CONVERSION = YES;
				CLANG_WARN_INFINITE_RECURSION = YES;
				CLANG_WARN_INT_CONVERSION = YES;
				CLANG_WARN_NON_LITERAL_NULL_CONVERSION = YES;
				CLANG_WARN_OBJC_IMPLICIT_RETAIN_SELF = YES;
				CLANG_WARN_OBJC_LITERAL_CONVERSION = YES;
				CLANG_WARN_OBJC_ROOT_CLASS = YES_ERROR;
				CLANG_WARN_QUOTED_INCLUDE_IN_FRAMEWORK_HEADER = YES;
				CLANG_WARN_RANGE_LOOP_ANALYSIS = YES;
				CLANG_WARN_STRICT_PROTOTYPES = YES;
				CLANG_WARN_SUSPICIOUS_MOVE = YES;
				CLANG_WARN_UNGUARDED_AVAILABILITY = YES_AGGRESSIVE;
				CLANG_WARN_UNREACHABLE_CODE = YES;
				CLANG_WARN__DUPLICATE_METHOD_MATCH = YES;
				COPY_PHASE_STRIP = NO;
				DEBUG_INFORMATION_FORMAT = "dwarf-with-dsym";
				ENABLE_NS_ASSERTIONS = NO;
				ENABLE_STRICT_OBJC_MSGSEND = YES;
				GCC_C_LANGUAGE_STANDARD = gnu11;
				GCC_NO_COMMON_BLOCKS = YES;
				GCC_WARN_64_TO_32_BIT_CONVERSION = YES;
				GCC_WARN_ABOUT_RETURN_TYPE = YES_ERROR;
				GCC_WARN_UNDECLARED_SELECTOR = YES;
				GCC_WARN_UNINITIALIZED_AUTOS = YES_AGGRESSIVE;
				GCC_WARN_UNUSED_FUNCTION = YES;
				GCC_WARN_UNUSED_VARIABLE = YES;
				IPHONEOS_DEPLOYMENT_TARGET = 15.5;
				MTL_ENABLE_DEBUG_INFO = NO;
				MTL_FAST_MATH = YES;
				SDKROOT = iphoneos;
				SWIFT_COMPILATION_MODE = wholemodule;
				SWIFT_OPTIMIZATION_LEVEL = "-O";
				VALIDATE_PRODUCT = YES;
			};
			name = Release;
		};
		821100D02BBEE2C200108EC4 /* Debug */ = {
			isa = XCBuildConfiguration;
			buildSettings = {
				ASSETCATALOG_COMPILER_APPICON_NAME = AppIcon;
				ASSETCATALOG_COMPILER_GLOBAL_ACCENT_COLOR_NAME = AccentColor;
				CODE_SIGN_STYLE = Automatic;
				CURRENT_PROJECT_VERSION = 1;
				DEVELOPMENT_ASSET_PATHS = "\"PruebaStacks/Preview Content\"";
				DEVELOPMENT_TEAM = CZU5UZ77MX;
				ENABLE_PREVIEWS = YES;
				GENERATE_INFOPLIST_FILE = YES;
				INFOPLIST_KEY_UIApplicationSceneManifest_Generation = YES;
				INFOPLIST_KEY_UIApplicationSupportsIndirectInputEvents = YES;
				INFOPLIST_KEY_UILaunchScreen_Generation = YES;
				INFOPLIST_KEY_UISupportedInterfaceOrientations_iPad = "UIInterfaceOrientationPortrait UIInterfaceOrientationPortraitUpsideDown UIInterfaceOrientationLandscapeLeft UIInterfaceOrientationLandscapeRight";
				INFOPLIST_KEY_UISupportedInterfaceOrientations_iPhone = "UIInterfaceOrientationPortrait UIInterfaceOrientationLandscapeLeft UIInterfaceOrientationLandscapeRight";
				LD_RUNPATH_SEARCH_PATHS = (
					"$(inherited)",
					"@executable_path/Frameworks",
				);
				MARKETING_VERSION = 1.0;
				PRODUCT_BUNDLE_IDENTIFIER = pepe.PruebaStacks;
				PRODUCT_NAME = "$(TARGET_NAME)";
				SWIFT_EMIT_LOC_STRINGS = YES;
				SWIFT_VERSION = 5.0;
				TARGETED_DEVICE_FAMILY = "1,2";
			};
			name = Debug;
		};
		821100D12BBEE2C200108EC4 /* Release */ = {
			isa = XCBuildConfiguration;
			buildSettings = {
				ASSETCATALOG_COMPILER_APPICON_NAME = AppIcon;
				ASSETCATALOG_COMPILER_GLOBAL_ACCENT_COLOR_NAME = AccentColor;
				CODE_SIGN_STYLE = Automatic;
				CURRENT_PROJECT_VERSION = 1;
				DEVELOPMENT_ASSET_PATHS = "\"PruebaStacks/Preview Content\"";
				DEVELOPMENT_TEAM = CZU5UZ77MX;
				ENABLE_PREVIEWS = YES;
				GENERATE_INFOPLIST_FILE = YES;
				INFOPLIST_KEY_UIApplicationSceneManifest_Generation = YES;
				INFOPLIST_KEY_UIApplicationSupportsIndirectInputEvents = YES;
				INFOPLIST_KEY_UILaunchScreen_Generation = YES;
				INFOPLIST_KEY_UISupportedInterfaceOrientations_iPad = "UIInterfaceOrientationPortrait UIInterfaceOrientationPortraitUpsideDown UIInterfaceOrientationLandscapeLeft UIInterfaceOrientationLandscapeRight";
				INFOPLIST_KEY_UISupportedInterfaceOrientations_iPhone = "UIInterfaceOrientationPortrait UIInterfaceOrientationLandscapeLeft UIInterfaceOrientationLandscapeRight";
				LD_RUNPATH_SEARCH_PATHS = (
					"$(inherited)",
					"@executable_path/Frameworks",
				);
				MARKETING_VERSION = 1.0;
				PRODUCT_BUNDLE_IDENTIFIER = pepe.PruebaStacks;
				PRODUCT_NAME = "$(TARGET_NAME)";
				SWIFT_EMIT_LOC_STRINGS = YES;
				SWIFT_VERSION = 5.0;
				TARGETED_DEVICE_FAMILY = "1,2";
			};
			name = Release;
		};
		821100D32BBEE2C200108EC4 /* Debug */ = {
			isa = XCBuildConfiguration;
			buildSettings = {
				ALWAYS_EMBED_SWIFT_STANDARD_LIBRARIES = YES;
				BUNDLE_LOADER = "$(TEST_HOST)";
				CODE_SIGN_STYLE = Automatic;
				CURRENT_PROJECT_VERSION = 1;
				DEVELOPMENT_TEAM = CZU5UZ77MX;
				GENERATE_INFOPLIST_FILE = YES;
				IPHONEOS_DEPLOYMENT_TARGET = 15.5;
				MARKETING_VERSION = 1.0;
				PRODUCT_BUNDLE_IDENTIFIER = pepe.PruebaStacksTests;
				PRODUCT_NAME = "$(TARGET_NAME)";
				SWIFT_EMIT_LOC_STRINGS = NO;
				SWIFT_VERSION = 5.0;
				TARGETED_DEVICE_FAMILY = "1,2";
				TEST_HOST = "$(BUILT_PRODUCTS_DIR)/PruebaStacks.app/PruebaStacks";
			};
			name = Debug;
		};
		821100D42BBEE2C200108EC4 /* Release */ = {
			isa = XCBuildConfiguration;
			buildSettings = {
				ALWAYS_EMBED_SWIFT_STANDARD_LIBRARIES = YES;
				BUNDLE_LOADER = "$(TEST_HOST)";
				CODE_SIGN_STYLE = Automatic;
				CURRENT_PROJECT_VERSION = 1;
				DEVELOPMENT_TEAM = CZU5UZ77MX;
				GENERATE_INFOPLIST_FILE = YES;
				IPHONEOS_DEPLOYMENT_TARGET = 15.5;
				MARKETING_VERSION = 1.0;
				PRODUCT_BUNDLE_IDENTIFIER = pepe.PruebaStacksTests;
				PRODUCT_NAME = "$(TARGET_NAME)";
				SWIFT_EMIT_LOC_STRINGS = NO;
				SWIFT_VERSION = 5.0;
				TARGETED_DEVICE_FAMILY = "1,2";
				TEST_HOST = "$(BUILT_PRODUCTS_DIR)/PruebaStacks.app/PruebaStacks";
			};
			name = Release;
		};
		821100D62BBEE2C200108EC4 /* Debug */ = {
			isa = XCBuildConfiguration;
			buildSettings = {
				ALWAYS_EMBED_SWIFT_STANDARD_LIBRARIES = YES;
				CODE_SIGN_STYLE = Automatic;
				CURRENT_PROJECT_VERSION = 1;
				DEVELOPMENT_TEAM = CZU5UZ77MX;
				GENERATE_INFOPLIST_FILE = YES;
				MARKETING_VERSION = 1.0;
				PRODUCT_BUNDLE_IDENTIFIER = pepe.PruebaStacksUITests;
				PRODUCT_NAME = "$(TARGET_NAME)";
				SWIFT_EMIT_LOC_STRINGS = NO;
				SWIFT_VERSION = 5.0;
				TARGETED_DEVICE_FAMILY = "1,2";
				TEST_TARGET_NAME = PruebaStacks;
			};
			name = Debug;
		};
		821100D72BBEE2C200108EC4 /* Release */ = {
			isa = XCBuildConfiguration;
			buildSettings = {
				ALWAYS_EMBED_SWIFT_STANDARD_LIBRARIES = YES;
				CODE_SIGN_STYLE = Automatic;
				CURRENT_PROJECT_VERSION = 1;
				DEVELOPMENT_TEAM = CZU5UZ77MX;
				GENERATE_INFOPLIST_FILE = YES;
				MARKETING_VERSION = 1.0;
				PRODUCT_BUNDLE_IDENTIFIER = pepe.PruebaStacksUITests;
				PRODUCT_NAME = "$(TARGET_NAME)";
				SWIFT_EMIT_LOC_STRINGS = NO;
				SWIFT_VERSION = 5.0;
				TARGETED_DEVICE_FAMILY = "1,2";
				TEST_TARGET_NAME = PruebaStacks;
			};
			name = Release;
		};
/* End XCBuildConfiguration section */

/* Begin XCConfigurationList section */
		821100A62BBEE2BF00108EC4 /* Build configuration list for PBXProject "PruebaStacks" */ = {
			isa = XCConfigurationList;
			buildConfigurations = (
				821100CD2BBEE2C200108EC4 /* Debug */,
				821100CE2BBEE2C200108EC4 /* Release */,
			);
			defaultConfigurationIsVisible = 0;
			defaultConfigurationName = Release;
		};
		821100CF2BBEE2C200108EC4 /* Build configuration list for PBXNativeTarget "PruebaStacks" */ = {
			isa = XCConfigurationList;
			buildConfigurations = (
				821100D02BBEE2C200108EC4 /* Debug */,
				821100D12BBEE2C200108EC4 /* Release */,
			);
			defaultConfigurationIsVisible = 0;
			defaultConfigurationName = Release;
		};
		821100D22BBEE2C200108EC4 /* Build configuration list for PBXNativeTarget "PruebaStacksTests" */ = {
			isa = XCConfigurationList;
			buildConfigurations = (
				821100D32BBEE2C200108EC4 /* Debug */,
				821100D42BBEE2C200108EC4 /* Release */,
			);
			defaultConfigurationIsVisible = 0;
			defaultConfigurationName = Release;
		};
		821100D52BBEE2C200108EC4 /* Build configuration list for PBXNativeTarget "PruebaStacksUITests" */ = {
			isa = XCConfigurationList;
			buildConfigurations = (
				821100D62BBEE2C200108EC4 /* Debug */,
				821100D72BBEE2C200108EC4 /* Release */,
			);
			defaultConfigurationIsVisible = 0;
			defaultConfigurationName = Release;
		};
/* End XCConfigurationList section */
	};
	rootObject = 821100A32BBEE2BF00108EC4 /* Project object */;
}
